<?xml version="1.0" encoding="utf-8"?>
<Project ToolsVersion="4.0" xmlns="http://schemas.microsoft.com/developer/msbuild/2003">
  <ItemGroup>
    <Filter Include="源文件">
      <UniqueIdentifier>{4FC737F1-C7A5-4376-A066-2A32D752A2FF}</UniqueIdentifier>
      <Extensions>cpp;c;cc;cxx;def;odl;idl;hpj;bat;asm;asmx</Extensions>
    </Filter>
    <Filter Include="头文件">
      <UniqueIdentifier>{93995380-89BD-4b04-88EB-625FBE52EBFB}</UniqueIdentifier>
      <Extensions>h;hpp;hxx;hm;inl;inc;xsd</Extensions>
    </Filter>
    <Filter Include="资源文件">
      <UniqueIdentifier>{67DA6AB6-F800-4c08-8B7A-83BB121AAD01}</UniqueIdentifier>
      <Extensions>rc;ico;cur;bmp;dlg;rc2;rct;bin;rgs;gif;jpg;jpeg;jpe;resx;tiff;tif;png;wav;mfcribbon-ms</Extensions>
    </Filter>
  </ItemGroup>
  <ItemGroup>
    <Text Include="ReadMe.txt" />
  </ItemGroup>
  <ItemGroup>
    <ClCompile Include="..\..\..\CocosLua\json\JSONElement.cpp">
      <Filter>源文件</Filter>
    </ClCompile>
    <ClCompile Include="..\..\..\CocosLua\json\JSONFormatter.cpp">
      <Filter>源文件</Filter>
    </ClCompile>
    <ClCompile Include="..\..\..\CocosLua\json\JSONParser.cpp">
      <Filter>源文件</Filter>
    </ClCompile>
    <ClCompile Include="..\..\..\CocosLua\json\libjson\Source\internalJSONNode.cpp">
      <Filter>源文件</Filter>
    </ClCompile>
    <ClCompile Include="..\..\..\CocosLua\json\libjson\Source\JSONAllocator.cpp">
      <Filter>源文件</Filter>
    </ClCompile>
    <ClCompile Include="..\..\..\CocosLua\json\libjson\Source\JSONChildren.cpp">
      <Filter>源文件</Filter>
    </ClCompile>
    <ClCompile Include="..\..\..\CocosLua\json\libjson\Source\JSONDebug.cpp">
      <Filter>源文件</Filter>
    </ClCompile>
    <ClCompile Include="..\..\..\CocosLua\json\libjson\Source\JSONIterators.cpp">
      <Filter>源文件</Filter>
    </ClCompile>
    <ClCompile Include="..\..\..\CocosLua\json\libjson\Source\JSONMemory.cpp">
      <Filter>源文件</Filter>
    </ClCompile>
    <ClCompile Include="..\..\..\CocosLua\json\libjson\Source\JSONNode.cpp">
      <Filter>源文件</Filter>
    </ClCompile>
    <ClCompile Include="..\..\..\CocosLua\json\libjson\Source\JSONNode_Mutex.cpp">
      <Filter>源文件</Filter>
    </ClCompile>
    <ClCompile Include="..\..\..\CocosLua\json\libjson\Source\JSONPreparse.cpp">
      <Filter>源文件</Filter>
    </ClCompile>
    <ClCompile Include="..\..\..\CocosLua\json\libjson\Source\JSONStream.cpp">
      <Filter>源文件</Filter>
    </ClCompile>
    <ClCompile Include="..\..\..\CocosLua\json\libjson\Source\JSONValidator.cpp">
      <Filter>源文件</Filter>
    </ClCompile>
    <ClCompile Include="..\..\..\CocosLua\json\libjson\Source\JSONWorker.cpp">
      <Filter>源文件</Filter>
    </ClCompile>
    <ClCompile Include="..\..\..\CocosLua\json\libjson\Source\JSONWriter.cpp">
      <Filter>源文件</Filter>
    </ClCompile>
    <ClCompile Include="..\..\..\CocosLua\json\libjson\Source\libjson.cpp">
      <Filter>源文件</Filter>
    </ClCompile>
    <ClCompile Include="..\..\..\CocosLua\json\samples\JSONFormatTest.cpp">
      <Filter>源文件</Filter>
    </ClCompile>
    <ClCompile Include="..\..\..\CocosLua\json\samples\JSONParserTest.cpp">
      <Filter>源文件</Filter>
    </ClCompile>
    <ClCompile Include="..\..\..\CocosLua\lua-bindings\lua_framework_auto.cpp">
      <Filter>源文件</Filter>
    </ClCompile>
    <ClCompile Include="..\..\..\CocosLua\net\NetCenter.cpp">
      <Filter>源文件</Filter>
    </ClCompile>
    <ClCompile Include="..\..\..\CocosLua\net\NetFilter.cpp">
      <Filter>源文件</Filter>
    </ClCompile>
    <ClCompile Include="..\..\..\CocosLua\net\NetHandler.cpp">
      <Filter>源文件</Filter>
    </ClCompile>
    <ClCompile Include="..\..\..\CocosLua\net\NetProtocol.cpp">
      <Filter>源文件</Filter>
    </ClCompile>
    <ClCompile Include="..\..\..\CocosLua\net\NetRequest.cpp">
      <Filter>源文件</Filter>
    </ClCompile>
    <ClCompile Include="..\..\..\CocosLua\net\NetResponse.cpp">
      <Filter>源文件</Filter>
    </ClCompile>
    <ClCompile Include="..\..\..\CocosLua\net\utils\HttpDownloader.cpp">
      <Filter>源文件</Filter>
    </ClCompile>
    <ClCompile Include="..\..\..\CocosLua\net\utils\HttpForm.cpp">
      <Filter>源文件</Filter>
    </ClCompile>
    <ClCompile Include="..\..\..\CocosLua\net\utils\ODSocket.cpp">
      <Filter>源文件</Filter>
    </ClCompile>
    <ClCompile Include="..\..\..\CocosLua\net\utils\Socket.cpp">
      <Filter>源文件</Filter>
    </ClCompile>
    <ClCompile Include="..\..\..\CocosLua\scene\GameScene.cpp">
      <Filter>源文件</Filter>
    </ClCompile>
    <ClCompile Include="..\..\..\CocosLua\scene\SceneManager.cpp">
      <Filter>源文件</Filter>
    </ClCompile>
    <ClCompile Include="..\..\..\CocosLua\scene\UIManager.cpp">
      <Filter>源文件</Filter>
    </ClCompile>
    <ClCompile Include="..\..\..\CocosLua\scene\ViewController.cpp">
      <Filter>源文件</Filter>
    </ClCompile>
    <ClCompile Include="..\..\..\CocosLua\sqlite\libsqlite\sqlite3.c">
      <Filter>源文件</Filter>
    </ClCompile>
    <ClCompile Include="..\..\..\CocosLua\sqlite\SQLite.cpp">
      <Filter>源文件</Filter>
    </ClCompile>
    <ClCompile Include="..\..\..\CocosLua\sqlite\SQLiteTest.cpp">
      <Filter>源文件</Filter>
    </ClCompile>
    <ClCompile Include="..\..\..\CocosLua\utils\base64\Base64.cpp">
      <Filter>源文件</Filter>
    </ClCompile>
    <ClCompile Include="..\..\..\CocosLua\utils\base64\Base64Util.cpp">
      <Filter>源文件</Filter>
    </ClCompile>
    <ClCompile Include="..\..\..\CocosLua\utils\encrypt\DBDecryptUtil.cpp">
      <Filter>源文件</Filter>
    </ClCompile>
    <ClCompile Include="..\..\..\CocosLua\utils\encrypt\des.cpp">
      <Filter>源文件</Filter>
    </ClCompile>
    <ClCompile Include="..\..\..\CocosLua\utils\encrypt\DESUtil.cpp">
      <Filter>源文件</Filter>
    </ClCompile>
    <ClCompile Include="..\..\..\CocosLua\utils\encrypt\FileDecryptUtil.cpp">
      <Filter>源文件</Filter>
    </ClCompile>
    <ClCompile Include="..\..\..\CocosLua\utils\FileManager.cpp">
      <Filter>源文件</Filter>
    </ClCompile>
    <ClCompile Include="..\..\..\CocosLua\utils\LuaUtil.cpp">
      <Filter>源文件</Filter>
    </ClCompile>
    <ClCompile Include="..\..\..\CocosLua\utils\md5.cpp">
      <Filter>源文件</Filter>
    </ClCompile>
    <ClCompile Include="..\..\..\CocosLua\utils\ResourceManager.cpp">
      <Filter>源文件</Filter>
    </ClCompile>
    <ClCompile Include="..\..\..\CocosLua\Game.cpp">
      <Filter>源文件</Filter>
    </ClCompile>
  </ItemGroup>
  <ItemGroup>
    <ClInclude Include="..\..\..\CocosLua\json\JSONElement.h">
      <Filter>头文件</Filter>
    </ClInclude>
    <ClInclude Include="..\..\..\CocosLua\json\JSONFormatter.h">
      <Filter>头文件</Filter>
    </ClInclude>
    <ClInclude Include="..\..\..\CocosLua\json\JSONParser.h">
      <Filter>头文件</Filter>
    </ClInclude>
    <ClInclude Include="..\..\..\CocosLua\json\libjson\Dependencies\libbase64++\libbase64++.h">
      <Filter>头文件</Filter>
    </ClInclude>
    <ClInclude Include="..\..\..\CocosLua\json\libjson\Dependencies\mempool++\mempool.h">
      <Filter>头文件</Filter>
    </ClInclude>
    <ClInclude Include="..\..\..\CocosLua\json\libjson\JSONOptions.h">
      <Filter>头文件</Filter>
    </ClInclude>
    <ClInclude Include="..\..\..\CocosLua\json\libjson\libjson.h">
      <Filter>头文件</Filter>
    </ClInclude>
    <ClInclude Include="..\..\..\CocosLua\json\libjson\Source\internalJSONNode.h">
      <Filter>头文件</Filter>
    </ClInclude>
    <ClInclude Include="..\..\..\CocosLua\json\libjson\Source\JSONAllocator.h">
      <Filter>头文件</Filter>
    </ClInclude>
    <ClInclude Include="..\..\..\CocosLua\json\libjson\Source\JSONChildren.h">
      <Filter>头文件</Filter>
    </ClInclude>
    <ClInclude Include="..\..\..\CocosLua\json\libjson\Source\JSONDebug.h">
      <Filter>头文件</Filter>
    </ClInclude>
    <ClInclude Include="..\..\..\CocosLua\json\libjson\Source\JSONDefs\GNU_C.h">
      <Filter>头文件</Filter>
    </ClInclude>
    <ClInclude Include="..\..\..\CocosLua\json\libjson\Source\JSONDefs\Strings_Defs.h">
      <Filter>头文件</Filter>
    </ClInclude>
    <ClInclude Include="..\..\..\CocosLua\json\libjson\Source\JSONDefs\Unknown_C.h">
      <Filter>头文件</Filter>
    </ClInclude>
    <ClInclude Include="..\..\..\CocosLua\json\libjson\Source\JSONDefs\Visual_C.h">
      <Filter>头文件</Filter>
    </ClInclude>
    <ClInclude Include="..\..\..\CocosLua\json\libjson\Source\JSONDefs.h">
      <Filter>头文件</Filter>
    </ClInclude>
    <ClInclude Include="..\..\..\CocosLua\json\libjson\Source\JSONGlobals.h">
      <Filter>头文件</Filter>
    </ClInclude>
    <ClInclude Include="..\..\..\CocosLua\json\libjson\Source\JSONMemory.h">
      <Filter>头文件</Filter>
    </ClInclude>
    <ClInclude Include="..\..\..\CocosLua\json\libjson\Source\JSONMemoryPool.h">
      <Filter>头文件</Filter>
    </ClInclude>
    <ClInclude Include="..\..\..\CocosLua\json\libjson\Source\JSONNode.h">
      <Filter>头文件</Filter>
    </ClInclude>
    <ClInclude Include="..\..\..\CocosLua\json\libjson\Source\JSONPreparse.h">
      <Filter>头文件</Filter>
    </ClInclude>
    <ClInclude Include="..\..\..\CocosLua\json\libjson\Source\JSONSharedString.h">
      <Filter>头文件</Filter>
    </ClInclude>
    <ClInclude Include="..\..\..\CocosLua\json\libjson\Source\JSONSingleton.h">
      <Filter>头文件</Filter>
    </ClInclude>
    <ClInclude Include="..\..\..\CocosLua\json\libjson\Source\JSONStats.h">
      <Filter>头文件</Filter>
    </ClInclude>
    <ClInclude Include="..\..\..\CocosLua\json\libjson\Source\JSONStream.h">
      <Filter>头文件</Filter>
    </ClInclude>
    <ClInclude Include="..\..\..\CocosLua\json\libjson\Source\JSONValidator.h">
      <Filter>头文件</Filter>
    </ClInclude>
    <ClInclude Include="..\..\..\CocosLua\json\libjson\Source\JSONWorker.h">
      <Filter>头文件</Filter>
    </ClInclude>
    <ClInclude Include="..\..\..\CocosLua\json\libjson\Source\JSON_Base64.h">
      <Filter>头文件</Filter>
    </ClInclude>
    <ClInclude Include="..\..\..\CocosLua\json\libjson\Source\NumberToString.h">
      <Filter>头文件</Filter>
    </ClInclude>
    <ClInclude Include="..\..\..\CocosLua\json\samples\JSONFormatTest.h">
      <Filter>头文件</Filter>
    </ClInclude>
    <ClInclude Include="..\..\..\CocosLua\json\samples\JSONParserTest.h">
      <Filter>头文件</Filter>
    </ClInclude>
    <ClInclude Include="..\..\..\CocosLua\lua-bindings\lua_framework_auto.hpp">
      <Filter>头文件</Filter>
    </ClInclude>
    <ClInclude Include="..\..\..\CocosLua\net\NetCenter.h">
      <Filter>头文件</Filter>
    </ClInclude>
    <ClInclude Include="..\..\..\CocosLua\net\NetFilter.h">
      <Filter>头文件</Filter>
    </ClInclude>
    <ClInclude Include="..\..\..\CocosLua\net\NetHandler.h">
      <Filter>头文件</Filter>
    </ClInclude>
    <ClInclude Include="..\..\..\CocosLua\net\NetProtocol.h">
      <Filter>头文件</Filter>
    </ClInclude>
    <ClInclude Include="..\..\..\CocosLua\net\NetRequest.h">
      <Filter>头文件</Filter>
    </ClInclude>
    <ClInclude Include="..\..\..\CocosLua\net\NetResponse.h">
      <Filter>头文件</Filter>
    </ClInclude>
    <ClInclude Include="..\..\..\CocosLua\net\NetService.h">
      <Filter>头文件</Filter>
    </ClInclude>
    <ClInclude Include="..\..\..\CocosLua\net\utils\HttpDownloader.h">
      <Filter>头文件</Filter>
    </ClInclude>
    <ClInclude Include="..\..\..\CocosLua\net\utils\HttpForm.h">
      <Filter>头文件</Filter>
    </ClInclude>
    <ClInclude Include="..\..\..\CocosLua\net\utils\ODSocket.h">
      <Filter>头文件</Filter>
    </ClInclude>
    <ClInclude Include="..\..\..\CocosLua\net\utils\Socket.h">
      <Filter>头文件</Filter>
    </ClInclude>
    <ClInclude Include="..\..\..\CocosLua\notification\notification.h">
      <Filter>头文件</Filter>
    </ClInclude>
    <ClInclude Include="..\..\..\CocosLua\scene\GameScene.h">
      <Filter>头文件</Filter>
    </ClInclude>
    <ClInclude Include="..\..\..\CocosLua\scene\SceneManager.h">
      <Filter>头文件</Filter>
    </ClInclude>
    <ClInclude Include="..\..\..\CocosLua\scene\UIManager.h">
      <Filter>头文件</Filter>
    </ClInclude>
    <ClInclude Include="..\..\..\CocosLua\scene\ViewController.h">
      <Filter>头文件</Filter>
    </ClInclude>
    <ClInclude Include="..\..\..\CocosLua\sqlite\libsqlite\sqlite3.h">
      <Filter>头文件</Filter>
    </ClInclude>
    <ClInclude Include="..\..\..\CocosLua\sqlite\libsqlite\sqlite3ext.h">
      <Filter>头文件</Filter>
    </ClInclude>
    <ClInclude Include="..\..\..\CocosLua\sqlite\SQLite.h">
      <Filter>头文件</Filter>
    </ClInclude>
    <ClInclude Include="..\..\..\CocosLua\sqlite\SQLiteTest.h">
      <Filter>头文件</Filter>
    </ClInclude>
    <ClInclude Include="..\..\..\CocosLua\utils\base64\Base64.h">
      <Filter>头文件</Filter>
    </ClInclude>
    <ClInclude Include="..\..\..\CocosLua\utils\base64\Base64Util.h">
      <Filter>头文件</Filter>
    </ClInclude>
    <ClInclude Include="..\..\..\CocosLua\utils\encrypt\DBDecryptUtil.h">
      <Filter>头文件</Filter>
    </ClInclude>
    <ClInclude Include="..\..\..\CocosLua\utils\encrypt\des.h">
      <Filter>头文件</Filter>
    </ClInclude>
    <ClInclude Include="..\..\..\CocosLua\utils\encrypt\DESUtil.h">
      <Filter>头文件</Filter>
    </ClInclude>
    <ClInclude Include="..\..\..\CocosLua\utils\encrypt\FileDecryptUtil.h">
      <Filter>头文件</Filter>
    </ClInclude>
    <ClInclude Include="..\..\..\CocosLua\utils\FileManager.h">
      <Filter>头文件</Filter>
    </ClInclude>
    <ClInclude Include="..\..\..\CocosLua\utils\LuaUtil.h">
      <Filter>头文件</Filter>
    </ClInclude>
    <ClInclude Include="..\..\..\CocosLua\utils\md5.h">
      <Filter>头文件</Filter>
    </ClInclude>
    <ClInclude Include="..\..\..\CocosLua\utils\NetStatus\ios_mac\Reachability.h">
      <Filter>头文件</Filter>
    </ClInclude>
    <ClInclude Include="..\..\..\CocosLua\utils\NetStatus\NetStatusUtil.h">
      <Filter>头文件</Filter>
    </ClInclude>
    <ClInclude Include="..\..\..\CocosLua\utils\ResourceManager.h">
      <Filter>头文件</Filter>
    </ClInclude>
    <ClInclude Include="..\..\..\CocosLua\utils\uuid\UUIDGenerator.h">
      <Filter>头文件</Filter>
    </ClInclude>
    <ClInclude Include="..\..\..\CocosLua\framework.h">
      <Filter>头文件</Filter>
    </ClInclude>
    <ClInclude Include="..\..\..\CocosLua\Game.h">
      <Filter>头文件</Filter>
    </ClInclude>
  </ItemGroup>
</Project>